
Microsoft Visual Studio Solution File, Format Version 12.00
# Visual Studio Version 16
VisualStudioVersion = 16.0.29306.81
MinimumVisualStudioVersion = 10.0.40219.1
Project("{FAE04EC0-301F-11D3-BF4B-00C04F79EFBC}") = "CounterForObs", "CounterForObs.csproj", "{3A668E33-623E-4855-8F7A-D1069BD7DCE2}"
EndProject
Project("{54435603-DBB4-11D2-8724-00A0C9A8B90C}") = "SetupCounterForOBS", "..\SetupCounterForOBS\SetupCounterForOBS.vdproj", "{498B6C2E-67C3-4D0D-AFDE-2EE24FEFE944}"
EndProject
Global
	GlobalSection(SolutionConfigurationPlatforms) = preSolution
		Debug|Any CPU = Debug|Any CPU
		Release|Any CPU = Release|Any CPU
	EndGlobalSection
	GlobalSection(ProjectConfigurationPlatforms) = postSolution
		{3A668E33-623E-4855-8F7A-D1069BD7DCE2}.Debug|Any CPU.ActiveCfg = Debug|Any CPU
		{3A668E33-623E-4855-8F7A-D1069BD7DCE2}.Debug|Any CPU.Build.0 = Debug|Any CPU
		{3A668E33-623E-4855-8F7A-D1069BD7DCE2}.Release|Any CPU.ActiveCfg = Release|Any CPU
		{3A668E33-623E-4855-8F7A-D1069BD7DCE2}.Release|Any CPU.Build.0 = Release|Any CPU
		{498B6C2E-67C3-4D0D-AFDE-2EE24FEFE944}.Debug|Any CPU.ActiveCfg = Debug
		{498B6C2E-67C3-4D0D-AFDE-2EE24FEFE944}.Release|Any CPU.ActiveCfg = Release
	EndGlobalSection
	GlobalSection(SolutionProperties) = preSolution
		HideSolutionNode = FALSE
	EndGlobalSection
	GlobalSection(ExtensibilityGlobals) = postSolution
		SolutionGuid = {A3DE5B5B-E901-43AB-8E6F-99C98BBA572E}
	EndGlobalSection
EndGlobal
